
Microsoft Visual Studio Solution File, Format Version 12.00
# Visual Studio 15
VisualStudioVersion = 15.0.28010.2036
MinimumVisualStudioVersion = 10.0.40219.1
Project("{8BC9CEB8-8B4A-11D0-8D11-00A0C91BC942}") = "Eden", "Eden.vcxproj", "{33CE70E4-A21B-453D-B605-CD47575D21E2}"
EndProject
Global
	GlobalSection(SolutionConfigurationPlatforms) = preSolution
		Debug|x64 = Debug|x64
		Debug|x86 = Debug|x86
		Release|x64 = Release|x64
		Release|x86 = Release|x86
	EndGlobalSection
	GlobalSection(ProjectConfigurationPlatforms) = postSolution
		{33CE70E4-A21B-453D-B605-CD47575D21E2}.Debug|x64.ActiveCfg = Debug|x64
		{33CE70E4-A21B-453D-B605-CD47575D21E2}.Debug|x64.Build.0 = Debug|x64
		{33CE70E4-A21B-453D-B605-CD47575D21E2}.Debug|x86.ActiveCfg = Debug|Win32
		{33CE70E4-A21B-453D-B605-CD47575D21E2}.Debug|x86.Build.0 = Debug|Win32
		{33CE70E4-A21B-453D-B605-CD47575D21E2}.Release|x64.ActiveCfg = Release|x64
		{33CE70E4-A21B-453D-B605-CD47575D21E2}.Release|x64.Build.0 = Release|x64
		{33CE70E4-A21B-453D-B605-CD47575D21E2}.Release|x86.ActiveCfg = Release|Win32
		{33CE70E4-A21B-453D-B605-CD47575D21E2}.Release|x86.Build.0 = Release|Win32
	EndGlobalSection
	GlobalSection(SolutionProperties) = preSolution
		HideSolutionNode = FALSE
	EndGlobalSection
	GlobalSection(ExtensibilityGlobals) = postSolution
		SolutionGuid = {4147454A-EE7E-43C9-B6E8-AE0728FB264B}
	EndGlobalSection
EndGlobal
